// !$*UTF8*$!
{
	archiveVersion = 1;
	classes = {
	};
	objectVersion = 50;
	objects = {

/* Begin PBXBuildFile section */
		8692A29025C85C4400319EBF /* AppDelegate.swift in Sources */ = {isa = PBXBuildFile; fileRef = 8692A28F25C85C4400319EBF /* AppDelegate.swift */; };
		8692A29225C85C4400319EBF /* SceneDelegate.swift in Sources */ = {isa = PBXBuildFile; fileRef = 8692A29125C85C4400319EBF /* SceneDelegate.swift */; };
		8692A29425C85C4400319EBF /* ViewController.swift in Sources */ = {isa = PBXBuildFile; fileRef = 8692A29325C85C4400319EBF /* ViewController.swift */; };
		8692A29725C85C4400319EBF /* Main.storyboard in Resources */ = {isa = PBXBuildFile; fileRef = 8692A29525C85C4400319EBF /* Main.storyboard */; };
		8692A29925C85C4500319EBF /* Assets.xcassets in Resources */ = {isa = PBXBuildFile; fileRef = 8692A29825C85C4500319EBF /* Assets.xcassets */; };
		8692A29C25C85C4500319EBF /* LaunchScreen.storyboard in Resources */ = {isa = PBXBuildFile; fileRef = 8692A29A25C85C4500319EBF /* LaunchScreen.storyboard */; };
		8692A2A525C85CE900319EBF /* FancyButton.swift in Sources */ = {isa = PBXBuildFile; fileRef = 8692A2A425C85CE900319EBF /* FancyButton.swift */; };
/* End PBXBuildFile section */

/* Begin PBXFileReference section */
		8692A28C25C85C4400319EBF /* 11-FancyButton.app */ = {isa = PBXFileReference; explicitFileType = wrapper.application; includeInIndex = 0; path = "11-FancyButton.app"; sourceTree = BUILT_PRODUCTS_DIR; };
		8692A28F25C85C4400319EBF /* AppDelegate.swift */ = {isa = PBXFileReference; lastKnownFileType = sourcecode.swift; path = AppDelegate.swift; sourceTree = "<group>"; };
		8692A29125C85C4400319EBF /* SceneDelegate.swift */ = {isa = PBXFileReference; lastKnownFileType = sourcecode.swift; path = SceneDelegate.swift; sourceTree = "<group>"; };
		8692A29325C85C4400319EBF /* ViewController.swift */ = {isa = PBXFileReference; lastKnownFileType = sourcecode.swift; path = ViewController.swift; sourceTree = "<group>"; };
		8692A29625C85C4400319EBF /* Base */ = {isa = PBXFileReference; lastKnownFileType = file.storyboard; name = Base; path = Base.lproj/Main.storyboard; sourceTree = "<group>"; };
		8692A29825C85C4500319EBF /* Assets.xcassets */ = {isa = PBXFileReference; lastKnownFileType = folder.assetcatalog; path = Assets.xcassets; sourceTree = "<group>"; };
		8692A29B25C85C4500319EBF /* Base */ = {isa = PBXFileReference; lastKnownFileType = file.storyboard; name = Base; path = Base.lproj/LaunchScreen.storyboard; sourceTree = "<group>"; };
		8692A29D25C85C4500319EBF /* Info.plist */ = {isa = PBXFileReference; lastKnownFileType = text.plist.xml; path = Info.plist; sourceTree = "<group>"; };
		8692A2A425C85CE900319EBF /* FancyButton.swift */ = {isa = PBXFileReference; lastKnownFileType = sourcecode.swift; path = FancyButton.swift; sourceTree = "<group>"; };
/* End PBXFileReference section */

/* Begin PBXFrameworksBuildPhase section */
		8692A28925C85C4400319EBF /* Frameworks */ = {
			isa = PBXFrameworksBuildPhase;
			buildActionMask = 2147483647;
			files = (
			);
			runOnlyForDeploymentPostprocessing = 0;
		};
/* End PBXFrameworksBuildPhase section */

/* Begin PBXGroup section */
		8692A28325C85C4400319EBF = {
			isa = PBXGroup;
			children = (
				8692A28E25C85C4400319EBF /* 11-FancyButton */,
				8692A28D25C85C4400319EBF /* Products */,
			);
			sourceTree = "<group>";
		};
		8692A28D25C85C4400319EBF /* Products */ = {
			isa = PBXGroup;
			children = (
				8692A28C25C85C4400319EBF /* 11-FancyButton.app */,
			);
			name = Products;
			sourceTree = "<group>";
		};
		8692A28E25C85C4400319EBF /* 11-FancyButton */ = {
			isa = PBXGroup;
			children = (
				8692A2AA25C87E2200319EBF /* Controller */,
				8692A28F25C85C4400319EBF /* AppDelegate.swift */,
				8692A29125C85C4400319EBF /* SceneDelegate.swift */,
				8692A29525C85C4400319EBF /* Main.storyboard */,
				8692A29825C85C4500319EBF /* Assets.xcassets */,
				8692A29A25C85C4500319EBF /* LaunchScreen.storyboard */,
				8692A29D25C85C4500319EBF /* Info.plist */,
			);
			path = "11-FancyButton";
			sourceTree = "<group>";
		};
		8692A2AA25C87E2200319EBF /* Controller */ = {
			isa = PBXGroup;
			children = (
				8692A2A425C85CE900319EBF /* FancyButton.swift */,
				8692A29325C85C4400319EBF /* ViewController.swift */,
			);
			path = Controller;
			sourceTree = "<group>";
		};
/* End PBXGroup section */

/* Begin PBXNativeTarget section */
		8692A28B25C85C4400319EBF /* 11-FancyButton */ = {
			isa = PBXNativeTarget;
			buildConfigurationList = 8692A2A025C85C4500319EBF /* Build configuration list for PBXNativeTarget "11-FancyButton" */;
			buildPhases = (
				8692A28825C85C4400319EBF /* Sources */,
				8692A28925C85C4400319EBF /* Frameworks */,
				8692A28A25C85C4400319EBF /* Resources */,
			);
			buildRules = (
			);
			dependencies = (
			);
			name = "11-FancyButton";
			productName = "11-FancyButton";
			productReference = 8692A28C25C85C4400319EBF /* 11-FancyButton.app */;
			productType = "com.apple.product-type.application";
		};
/* End PBXNativeTarget section */

/* Begin PBXProject section */
		8692A28425C85C4400319EBF /* Project object */ = {
			isa = PBXProject;
			attributes = {
				LastSwiftUpdateCheck = 1240;
				LastUpgradeCheck = 1240;
				TargetAttributes = {
					8692A28B25C85C4400319EBF = {
						CreatedOnToolsVersion = 12.4;
					};
				};
			};
			buildConfigurationList = 8692A28725C85C4400319EBF /* Build configuration list for PBXProject "11-FancyButton" */;
			compatibilityVersion = "Xcode 9.3";
			developmentRegion = en;
			hasScannedForEncodings = 0;
			knownRegions = (
				en,
				Base,
			);
			mainGroup = 8692A28325C85C4400319EBF;
			productRefGroup = 8692A28D25C85C4400319EBF /* Products */;
			projectDirPath = "";
			projectRoot = "";
			targets = (
				8692A28B25C85C4400319EBF /* 11-FancyButton */,
			);
		};
/* End PBXProject section */

/* Begin PBXResourcesBuildPhase section */
		8692A28A25C85C4400319EBF /* Resources */ = {
			isa = PBXResourcesBuildPhase;
			buildActionMask = 2147483647;
			files = (
				8692A29C25C85C4500319EBF /* LaunchScreen.storyboard in Resources */,
				8692A29925C85C4500319EBF /* Assets.xcassets in Resources */,
				8692A29725C85C4400319EBF /* Main.storyboard in Resources */,
			);
			runOnlyForDeploymentPostprocessing = 0;
		};
/* End PBXResourcesBuildPhase section */

/* Begin PBXSourcesBuildPhase section */
		8692A28825C85C4400319EBF /* Sources */ = {
			isa = PBXSourcesBuildPhase;
			buildActionMask = 2147483647;
			files = (
				8692A29425C85C4400319EBF /* ViewController.swift in Sources */,
				8692A2A525C85CE900319EBF /* FancyButton.swift in Sources */,
				8692A29025C85C4400319EBF /* AppDelegate.swift in Sources */,
				8692A29225C85C4400319EBF /* SceneDelegate.swift in Sources */,
			);
			runOnlyForDeploymentPostprocessing = 0;
		};
/* End PBXSourcesBuildPhase section */

/* Begin PBXVariantGroup section */
		8692A29525C85C4400319EBF /* Main.storyboard */ = {
			isa = PBXVariantGroup;
			children = (
				8692A29625C85C4400319EBF /* Base */,
			);
			name = Main.storyboard;
			sourceTree = "<group>";
		};
		8692A29A25C85C4500319EBF /* LaunchScreen.storyboard */ = {
			isa = PBXVariantGroup;
			children = (
				8692A29B25C85C4500319EBF /* Base */,
			);
			name = LaunchScreen.storyboard;
			sourceTree = "<group>";
		};
/* End PBXVariantGroup section */

/* Begin XCBuildConfiguration section */
		8692A29E25C85C4500319EBF /* Debug */ = {
			isa = XCBuildConfiguration;
			buildSettings = {
				ALWAYS_SEARCH_USER_PATHS = NO;
				CLANG_ANALYZER_NONNULL = YES;
				CLANG_ANALYZER_NUMBER_OBJECT_CONVERSION = YES_AGGRESSIVE;
				CLANG_CXX_LANGUAGE_STANDARD = "gnu++14";
				CLANG_CXX_LIBRARY = "libc++";
				CLANG_ENABLE_MODULES = YES;
				CLANG_ENABLE_OBJC_ARC = YES;
				CLANG_ENABLE_OBJC_WEAK = YES;
				CLANG_WARN_BLOCK_CAPTURE_AUTORELEASING = YES;
				CLANG_WARN_BOOL_CONVERSION = YES;
				CLANG_WARN_COMMA = YES;
				CLANG_WARN_CONSTANT_CONVERSION = YES;
				CLANG_WARN_DEPRECATED_OBJC_IMPLEMENTATIONS = YES;
				CLANG_WARN_DIRECT_OBJC_ISA_USAGE = YES_ERROR;
				CLANG_WARN_DOCUMENTATION_COMMENTS = YES;
				CLANG_WARN_EMPTY_BODY = YES;
				CLANG_WARN_ENUM_CONVERSION = YES;
				CLANG_WARN_INFINITE_RECURSION = YES;
				CLANG_WARN_INT_CONVERSION = YES;
				CLANG_WARN_NON_LITERAL_NULL_CONVERSION = YES;
				CLANG_WARN_OBJC_IMPLICIT_RETAIN_SELF = YES;
				CLANG_WARN_OBJC_LITERAL_CONVERSION = YES;
				CLANG_WARN_OBJC_ROOT_CLASS = YES_ERROR;
				CLANG_WARN_QUOTED_INCLUDE_IN_FRAMEWORK_HEADER = YES;
				CLANG_WARN_RANGE_LOOP_ANALYSIS = YES;
				CLANG_WARN_STRICT_PROTOTYPES = YES;
				CLANG_WARN_SUSPICIOUS_MOVE = YES;
				CLANG_WARN_UNGUARDED_AVAILABILITY = YES_AGGRESSIVE;
				CLANG_WARN_UNREACHABLE_CODE = YES;
				CLANG_WARN__DUPLICATE_METHOD_MATCH = YES;
				COPY_PHASE_STRIP = NO;
				DEBUG_INFORMATION_FORMAT = dwarf;
				ENABLE_STRICT_OBJC_MSGSEND = YES;
				ENABLE_TESTABILITY = YES;
				GCC_C_LANGUAGE_STANDARD = gnu11;
				GCC_DYNAMIC_NO_PIC = NO;
				GCC_NO_COMMON_BLOCKS = YES;
				GCC_OPTIMIZATION_LEVEL = 0;
				GCC_PREPROCESSOR_DEFINITIONS = (
					"DEBUG=1",
					"$(inherited)",
				);
				GCC_WARN_64_TO_32_BIT_CONVERSION = YES;
				GCC_WARN_ABOUT_RETURN_TYPE = YES_ERROR;
				GCC_WARN_UNDECLARED_SELECTOR = YES;
				GCC_WARN_UNINITIALIZED_AUTOS = YES_AGGRESSIVE;
				GCC_WARN_UNUSED_FUNCTION = YES;
				GCC_WARN_UNUSED_VARIABLE = YES;
				IPHONEOS_DEPLOYMENT_TARGET = 14.4;
				MTL_ENABLE_DEBUG_INFO = INCLUDE_SOURCE;
				MTL_FAST_MATH = YES;
				ONLY_ACTIVE_ARCH = YES;
				SDKROOT = iphoneos;
				SWIFT_ACTIVE_COMPILATION_CONDITIONS = DEBUG;
				SWIFT_OPTIMIZATION_LEVEL = "-Onone";
			};
			name = Debug;
		};
		8692A29F25C85C4500319EBF /* Release */ = {
			isa = XCBuildConfiguration;
			buildSettings = {
				ALWAYS_SEARCH_USER_PATHS = NO;
				CLANG_ANALYZER_NONNULL = YES;
				CLANG_ANALYZER_NUMBER_OBJECT_CONVERSION = YES_AGGRESSIVE;
				CLANG_CXX_LANGUAGE_STANDARD = "gnu++14";
				CLANG_CXX_LIBRARY = "libc++";
				CLANG_ENABLE_MODULES = YES;
				CLANG_ENABLE_OBJC_ARC = YES;
				CLANG_ENABLE_OBJC_WEAK = YES;
				CLANG_WARN_BLOCK_CAPTURE_AUTORELEASING = YES;
				CLANG_WARN_BOOL_CONVERSION = YES;
				CLANG_WARN_COMMA = YES;
				CLANG_WARN_CONSTANT_CONVERSION = YES;
				CLANG_WARN_DEPRECATED_OBJC_IMPLEMENTATIONS = YES;
				CLANG_WARN_DIRECT_OBJC_ISA_USAGE = YES_ERROR;
				CLANG_WARN_DOCUMENTATION_COMMENTS = YES;
				CLANG_WARN_EMPTY_BODY = YES;
				CLANG_WARN_ENUM_CONVERSION = YES;
				CLANG_WARN_INFINITE_RECURSION = YES;
				CLANG_WARN_INT_CONVERSION = YES;
				CLANG_WARN_NON_LITERAL_NULL_CONVERSION = YES;
				CLANG_WARN_OBJC_IMPLICIT_RETAIN_SELF = YES;
				CLANG_WARN_OBJC_LITERAL_CONVERSION = YES;
				CLANG_WARN_OBJC_ROOT_CLASS = YES_ERROR;
				CLANG_WARN_QUOTED_INCLUDE_IN_FRAMEWORK_HEADER = YES;
				CLANG_WARN_RANGE_LOOP_ANALYSIS = YES;
				CLANG_WARN_STRICT_PROTOTYPES = YES;
				CLANG_WARN_SUSPICIOUS_MOVE = YES;
				CLANG_WARN_UNGUARDED_AVAILABILITY = YES_AGGRESSIVE;
				CLANG_WARN_UNREACHABLE_CODE = YES;
				CLANG_WARN__DUPLICATE_METHOD_MATCH = YES;
				COPY_PHASE_STRIP = NO;
				DEBUG_INFORMATION_FORMAT = "dwarf-with-dsym";
				ENABLE_NS_ASSERTIONS = NO;
				ENABLE_STRICT_OBJC_MSGSEND = YES;
				GCC_C_LANGUAGE_STANDARD = gnu11;
				GCC_NO_COMMON_BLOCKS = YES;
				GCC_WARN_64_TO_32_BIT_CONVERSION = YES;
				GCC_WARN_ABOUT_RETURN_TYPE = YES_ERROR;
				GCC_WARN_UNDECLARED_SELECTOR = YES;
				GCC_WARN_UNINITIALIZED_AUTOS = YES_AGGRESSIVE;
				GCC_WARN_UNUSED_FUNCTION = YES;
				GCC_WARN_UNUSED_VARIABLE = YES;
				IPHONEOS_DEPLOYMENT_TARGET = 14.4;
				MTL_ENABLE_DEBUG_INFO = NO;
				MTL_FAST_MATH = YES;
				SDKROOT = iphoneos;
				SWIFT_COMPILATION_MODE = wholemodule;
				SWIFT_OPTIMIZATION_LEVEL = "-O";
				VALIDATE_PRODUCT = YES;
			};
			name = Release;
		};
		8692A2A125C85C4500319EBF /* Debug */ = {
			isa = XCBuildConfiguration;
			buildSettings = {
				ASSETCATALOG_COMPILER_APPICON_NAME = AppIcon;
				ASSETCATALOG_COMPILER_GLOBAL_ACCENT_COLOR_NAME = AccentColor;
				CODE_SIGN_STYLE = Automatic;
				DEVELOPMENT_TEAM = XWJ7CTJ99D;
				INFOPLIST_FILE = "11-FancyButton/Info.plist";
				LD_RUNPATH_SEARCH_PATHS = (
					"$(inherited)",
					"@executable_path/Frameworks",
				);
				PRODUCT_BUNDLE_IDENTIFIER = "vddineev.-1-FancyButton";
				PRODUCT_NAME = "$(TARGET_NAME)";
				SWIFT_VERSION = 5.0;
				TARGETED_DEVICE_FAMILY = "1,2";
			};
			name = Debug;
		};
		8692A2A225C85C4500319EBF /* Release */ = {
			isa = XCBuildConfiguration;
			buildSettings = {
				ASSETCATALOG_COMPILER_APPICON_NAME = AppIcon;
				ASSETCATALOG_COMPILER_GLOBAL_ACCENT_COLOR_NAME = AccentColor;
				CODE_SIGN_STYLE = Automatic;
				DEVELOPMENT_TEAM = XWJ7CTJ99D;
				INFOPLIST_FILE = "11-FancyButton/Info.plist";
				LD_RUNPATH_SEARCH_PATHS = (
					"$(inherited)",
					"@executable_path/Frameworks",
				);
				PRODUCT_BUNDLE_IDENTIFIER = "vddineev.-1-FancyButton";
				PRODUCT_NAME = "$(TARGET_NAME)";
				SWIFT_VERSION = 5.0;
				TARGETED_DEVICE_FAMILY = "1,2";
			};
			name = Release;
		};
/* End XCBuildConfiguration section */

/* Begin XCConfigurationList section */
		8692A28725C85C4400319EBF /* Build configuration list for PBXProject "11-FancyButton" */ = {
			isa = XCConfigurationList;
			buildConfigurations = (
				8692A29E25C85C4500319EBF /* Debug */,
				8692A29F25C85C4500319EBF /* Release */,
			);
			defaultConfigurationIsVisible = 0;
			defaultConfigurationName = Release;
		};
		8692A2A025C85C4500319EBF /* Build configuration list for PBXNativeTarget "11-FancyButton" */ = {
			isa = XCConfigurationList;
			buildConfigurations = (
				8692A2A125C85C4500319EBF /* Debug */,
				8692A2A225C85C4500319EBF /* Release */,
			);
			defaultConfigurationIsVisible = 0;
			defaultConfigurationName = Release;
		};
/* End XCConfigurationList section */
	};
	rootObject = 8692A28425C85C4400319EBF /* Project object */;
}
